
Microsoft Visual Studio Solution File, Format Version 12.00
# Visual Studio 15
Project("{FAE04EC0-301F-11D3-BF4B-00C04F79EFBC}") = "Assembly-CSharp", "Assembly-CSharp.csproj", "{BCB85321-22C0-D6A1-1F70-F7D55FF3FFBA}"
EndProject
Global
	GlobalSection(SolutionConfigurationPlatforms) = preSolution
		Debug|Any CPU = Debug|Any CPU
		Release|Any CPU = Release|Any CPU
	EndGlobalSection
	GlobalSection(ProjectConfigurationPlatforms) = postSolution
		{BCB85321-22C0-D6A1-1F70-F7D55FF3FFBA}.Debug|Any CPU.ActiveCfg = Debug|Any CPU
		{BCB85321-22C0-D6A1-1F70-F7D55FF3FFBA}.Debug|Any CPU.Build.0 = Debug|Any CPU
		{BCB85321-22C0-D6A1-1F70-F7D55FF3FFBA}.Release|Any CPU.ActiveCfg = Release|Any CPU
		{BCB85321-22C0-D6A1-1F70-F7D55FF3FFBA}.Release|Any CPU.Build.0 = Release|Any CPU
	EndGlobalSection
	GlobalSection(SolutionProperties) = preSolution
		HideSolutionNode = FALSE
	EndGlobalSection
EndGlobal
